
Microsoft Visual Studio Solution File, Format Version 12.00
# Visual Studio Version 17
VisualStudioVersion = 17.7.34221.43
MinimumVisualStudioVersion = 10.0.40219.1
Project("{FAE04EC0-301F-11D3-BF4B-00C04F79EFBC}") = "Client", "Client\Client.csproj", "{BB7BAC6F-6E88-4270-A7C7-F059FC087A8F}"
EndProject
Project("{FAE04EC0-301F-11D3-BF4B-00C04F79EFBC}") = "Server", "Server\Server.csproj", "{39CE08BA-4742-4852-9D4B-04A213651177}"
EndProject
Project("{FAE04EC0-301F-11D3-BF4B-00C04F79EFBC}") = "DatabaseBroker", "DatabaseBroker\DatabaseBroker.csproj", "{3AC5DC45-CF29-433C-B5A2-646AA2B5D40C}"
EndProject
Project("{FAE04EC0-301F-11D3-BF4B-00C04F79EFBC}") = "Common", "Common\Common.csproj", "{5795D168-6B4C-4A88-B34A-472790E3075F}"
EndProject
Global
	GlobalSection(SolutionConfigurationPlatforms) = preSolution
		Debug|Any CPU = Debug|Any CPU
		Release|Any CPU = Release|Any CPU
	EndGlobalSection
	GlobalSection(ProjectConfigurationPlatforms) = postSolution
		{BB7BAC6F-6E88-4270-A7C7-F059FC087A8F}.Debug|Any CPU.ActiveCfg = Debug|Any CPU
		{BB7BAC6F-6E88-4270-A7C7-F059FC087A8F}.Debug|Any CPU.Build.0 = Debug|Any CPU
		{BB7BAC6F-6E88-4270-A7C7-F059FC087A8F}.Release|Any CPU.ActiveCfg = Release|Any CPU
		{BB7BAC6F-6E88-4270-A7C7-F059FC087A8F}.Release|Any CPU.Build.0 = Release|Any CPU
		{39CE08BA-4742-4852-9D4B-04A213651177}.Debug|Any CPU.ActiveCfg = Debug|Any CPU
		{39CE08BA-4742-4852-9D4B-04A213651177}.Debug|Any CPU.Build.0 = Debug|Any CPU
		{39CE08BA-4742-4852-9D4B-04A213651177}.Release|Any CPU.ActiveCfg = Release|Any CPU
		{39CE08BA-4742-4852-9D4B-04A213651177}.Release|Any CPU.Build.0 = Release|Any CPU
		{3AC5DC45-CF29-433C-B5A2-646AA2B5D40C}.Debug|Any CPU.ActiveCfg = Debug|Any CPU
		{3AC5DC45-CF29-433C-B5A2-646AA2B5D40C}.Debug|Any CPU.Build.0 = Debug|Any CPU
		{3AC5DC45-CF29-433C-B5A2-646AA2B5D40C}.Release|Any CPU.ActiveCfg = Release|Any CPU
		{3AC5DC45-CF29-433C-B5A2-646AA2B5D40C}.Release|Any CPU.Build.0 = Release|Any CPU
		{5795D168-6B4C-4A88-B34A-472790E3075F}.Debug|Any CPU.ActiveCfg = Debug|Any CPU
		{5795D168-6B4C-4A88-B34A-472790E3075F}.Debug|Any CPU.Build.0 = Debug|Any CPU
		{5795D168-6B4C-4A88-B34A-472790E3075F}.Release|Any CPU.ActiveCfg = Release|Any CPU
		{5795D168-6B4C-4A88-B34A-472790E3075F}.Release|Any CPU.Build.0 = Release|Any CPU
	EndGlobalSection
	GlobalSection(SolutionProperties) = preSolution
		HideSolutionNode = FALSE
	EndGlobalSection
	GlobalSection(ExtensibilityGlobals) = postSolution
		SolutionGuid = {147F3E0D-77DE-4440-9671-8425020A4AD6}
	EndGlobalSection
EndGlobal
